{
  "name": "electron-react-boilerplate",
  "version": "4.5.0",
  "lockfileVersion": 2,
  "requires": true,
  "packages": {
    "": {
      "name": "electron-react-boilerplate",
      "version": "4.5.0",
      "hasInstallScript": true,
      "license": "MIT",
      "dependencies": {
        "backend": "file:../../../native"
      }
    },
    "../../../native": {
      "name": "backend",
      "version": "0.1.0",
      "hasInstallScript": true,
      "license": "ISC",
      "devDependencies": {
        "cargo-cp-artifact": "^0.1",
        "electron-rebuild": "^3.2.7"
      }
    },
    "node_modules/backend": {
      "resolved": "../../../native",
      "link": true
    }
  },
  "dependencies": {
    "backend": {
      "version": "file:../../../native",
      "requires": {
        "cargo-cp-artifact": "^0.1",
        "electron-rebuild": "^3.2.7"
      }
    }
  }
}
